
Microsoft Visual Studio Solution File, Format Version 12.00
# Visual Studio Version 16
VisualStudioVersion = 16.0.31205.134
MinimumVisualStudioVersion = 10.0.40219.1
Project("{FAE04EC0-301F-11D3-BF4B-00C04F79EFBC}") = "MovieAPI", "MovieAPI\MovieAPI.csproj", "{810D7686-152A-4C26-BACD-EF292C2DC6A5}"
EndProject
Global
	GlobalSection(SolutionConfigurationPlatforms) = preSolution
		Debug|Any CPU = Debug|Any CPU
		Release|Any CPU = Release|Any CPU
	EndGlobalSection
	GlobalSection(ProjectConfigurationPlatforms) = postSolution
		{810D7686-152A-4C26-BACD-EF292C2DC6A5}.Debug|Any CPU.ActiveCfg = Debug|Any CPU
		{810D7686-152A-4C26-BACD-EF292C2DC6A5}.Debug|Any CPU.Build.0 = Debug|Any CPU
		{810D7686-152A-4C26-BACD-EF292C2DC6A5}.Release|Any CPU.ActiveCfg = Release|Any CPU
		{810D7686-152A-4C26-BACD-EF292C2DC6A5}.Release|Any CPU.Build.0 = Release|Any CPU
	EndGlobalSection
	GlobalSection(SolutionProperties) = preSolution
		HideSolutionNode = FALSE
	EndGlobalSection
	GlobalSection(ExtensibilityGlobals) = postSolution
		SolutionGuid = {EBADF4EF-0B46-4064-AD4B-50DB8DC00E8F}
	EndGlobalSection
EndGlobal
